
Microsoft Visual Studio Solution File, Format Version 12.00
# Visual Studio Version 16
VisualStudioVersion = 16.0.30907.101
MinimumVisualStudioVersion = 10.0.40219.1
Project("{FAE04EC0-301F-11D3-BF4B-00C04F79EFBC}") = "Kampintro", "Kampintro\Kampintro.csproj", "{DF00377E-85DD-4ED2-8C93-1140F8049E09}"
EndProject
Project("{FAE04EC0-301F-11D3-BF4B-00C04F79EFBC}") = "Metotlar", "Metotlar\Metotlar.csproj", "{99BDBA95-D916-41F5-A066-E983E8873BD5}"
EndProject
Project("{FAE04EC0-301F-11D3-BF4B-00C04F79EFBC}") = "ternaryOperatoru", "ternaryOperatoru\ternaryOperatoru.csproj", "{0280652C-8979-4598-817A-858C62BC0D56}"
EndProject
Project("{FAE04EC0-301F-11D3-BF4B-00C04F79EFBC}") = "switchOperatoru", "switchOperatoru\switchOperatoru.csproj", "{EDB614B0-7D4C-42E7-AC5A-7F05060A09D7}"
EndProject
Project("{FAE04EC0-301F-11D3-BF4B-00C04F79EFBC}") = "Matematik", "Matematik\Matematik.csproj", "{A8F668D6-1CC7-42E2-BA88-6DBB38861E45}"
EndProject
Project("{FAE04EC0-301F-11D3-BF4B-00C04F79EFBC}") = "ref and out", "ref and out\ref and out.csproj", "{461B6F31-5C1C-41F0-8FC8-92057B4DE3C9}"
EndProject
Global
	GlobalSection(SolutionConfigurationPlatforms) = preSolution
		Debug|Any CPU = Debug|Any CPU
		Release|Any CPU = Release|Any CPU
	EndGlobalSection
	GlobalSection(ProjectConfigurationPlatforms) = postSolution
		{DF00377E-85DD-4ED2-8C93-1140F8049E09}.Debug|Any CPU.ActiveCfg = Debug|Any CPU
		{DF00377E-85DD-4ED2-8C93-1140F8049E09}.Debug|Any CPU.Build.0 = Debug|Any CPU
		{DF00377E-85DD-4ED2-8C93-1140F8049E09}.Release|Any CPU.ActiveCfg = Release|Any CPU
		{DF00377E-85DD-4ED2-8C93-1140F8049E09}.Release|Any CPU.Build.0 = Release|Any CPU
		{99BDBA95-D916-41F5-A066-E983E8873BD5}.Debug|Any CPU.ActiveCfg = Debug|Any CPU
		{99BDBA95-D916-41F5-A066-E983E8873BD5}.Debug|Any CPU.Build.0 = Debug|Any CPU
		{99BDBA95-D916-41F5-A066-E983E8873BD5}.Release|Any CPU.ActiveCfg = Release|Any CPU
		{99BDBA95-D916-41F5-A066-E983E8873BD5}.Release|Any CPU.Build.0 = Release|Any CPU
		{0280652C-8979-4598-817A-858C62BC0D56}.Debug|Any CPU.ActiveCfg = Debug|Any CPU
		{0280652C-8979-4598-817A-858C62BC0D56}.Debug|Any CPU.Build.0 = Debug|Any CPU
		{0280652C-8979-4598-817A-858C62BC0D56}.Release|Any CPU.ActiveCfg = Release|Any CPU
		{0280652C-8979-4598-817A-858C62BC0D56}.Release|Any CPU.Build.0 = Release|Any CPU
		{EDB614B0-7D4C-42E7-AC5A-7F05060A09D7}.Debug|Any CPU.ActiveCfg = Debug|Any CPU
		{EDB614B0-7D4C-42E7-AC5A-7F05060A09D7}.Debug|Any CPU.Build.0 = Debug|Any CPU
		{EDB614B0-7D4C-42E7-AC5A-7F05060A09D7}.Release|Any CPU.ActiveCfg = Release|Any CPU
		{EDB614B0-7D4C-42E7-AC5A-7F05060A09D7}.Release|Any CPU.Build.0 = Release|Any CPU
		{A8F668D6-1CC7-42E2-BA88-6DBB38861E45}.Debug|Any CPU.ActiveCfg = Debug|Any CPU
		{A8F668D6-1CC7-42E2-BA88-6DBB38861E45}.Debug|Any CPU.Build.0 = Debug|Any CPU
		{A8F668D6-1CC7-42E2-BA88-6DBB38861E45}.Release|Any CPU.ActiveCfg = Release|Any CPU
		{A8F668D6-1CC7-42E2-BA88-6DBB38861E45}.Release|Any CPU.Build.0 = Release|Any CPU
		{461B6F31-5C1C-41F0-8FC8-92057B4DE3C9}.Debug|Any CPU.ActiveCfg = Debug|Any CPU
		{461B6F31-5C1C-41F0-8FC8-92057B4DE3C9}.Debug|Any CPU.Build.0 = Debug|Any CPU
		{461B6F31-5C1C-41F0-8FC8-92057B4DE3C9}.Release|Any CPU.ActiveCfg = Release|Any CPU
		{461B6F31-5C1C-41F0-8FC8-92057B4DE3C9}.Release|Any CPU.Build.0 = Release|Any CPU
	EndGlobalSection
	GlobalSection(SolutionProperties) = preSolution
		HideSolutionNode = FALSE
	EndGlobalSection
	GlobalSection(ExtensibilityGlobals) = postSolution
		SolutionGuid = {A07D3A10-6332-4D8D-9ACD-13D72306D47A}
	EndGlobalSection
EndGlobal
